
Microsoft Visual Studio Solution File, Format Version 12.00
# Visual Studio Version 16
VisualStudioVersion = 16.0.30907.101
MinimumVisualStudioVersion = 10.0.40219.1
Project("{9A19103F-16F7-4668-BE54-9A1E7A4F7556}") = "DataAccess", "DataAccess\DataAccess.csproj", "{9AC5DA79-CE9E-4306-B603-7B8892C71375}"
EndProject
Project("{9A19103F-16F7-4668-BE54-9A1E7A4F7556}") = "Business", "Business\Business.csproj", "{3B2057D1-4F48-484B-B904-26B8EA33F5B6}"
EndProject
Project("{9A19103F-16F7-4668-BE54-9A1E7A4F7556}") = "Entities", "Entities\Entities.csproj", "{F1218F9B-8002-4DDB-87F0-348D79A2C324}"
EndProject
Project("{9A19103F-16F7-4668-BE54-9A1E7A4F7556}") = "ConsoleUI", "ConsoleUI\ConsoleUI.csproj", "{F1A204BE-9334-4FBB-9BA8-87BFBD80001C}"
EndProject
Project("{9A19103F-16F7-4668-BE54-9A1E7A4F7556}") = "Core", "Core\Core.csproj", "{260842EB-B950-4B3C-9400-4D55608387B1}"
EndProject
Project("{FAE04EC0-301F-11D3-BF4B-00C04F79EFBC}") = "WebAPI", "WebAPI\WebAPI.csproj", "{1CA7AA32-15D2-4E92-A31C-EADAA815E8C9}"
EndProject
Global
	GlobalSection(SolutionConfigurationPlatforms) = preSolution
		Debug|Any CPU = Debug|Any CPU
		Release|Any CPU = Release|Any CPU
	EndGlobalSection
	GlobalSection(ProjectConfigurationPlatforms) = postSolution
		{9AC5DA79-CE9E-4306-B603-7B8892C71375}.Debug|Any CPU.ActiveCfg = Debug|Any CPU
		{9AC5DA79-CE9E-4306-B603-7B8892C71375}.Debug|Any CPU.Build.0 = Debug|Any CPU
		{9AC5DA79-CE9E-4306-B603-7B8892C71375}.Release|Any CPU.ActiveCfg = Release|Any CPU
		{9AC5DA79-CE9E-4306-B603-7B8892C71375}.Release|Any CPU.Build.0 = Release|Any CPU
		{3B2057D1-4F48-484B-B904-26B8EA33F5B6}.Debug|Any CPU.ActiveCfg = Debug|Any CPU
		{3B2057D1-4F48-484B-B904-26B8EA33F5B6}.Debug|Any CPU.Build.0 = Debug|Any CPU
		{3B2057D1-4F48-484B-B904-26B8EA33F5B6}.Release|Any CPU.ActiveCfg = Release|Any CPU
		{3B2057D1-4F48-484B-B904-26B8EA33F5B6}.Release|Any CPU.Build.0 = Release|Any CPU
		{F1218F9B-8002-4DDB-87F0-348D79A2C324}.Debug|Any CPU.ActiveCfg = Debug|Any CPU
		{F1218F9B-8002-4DDB-87F0-348D79A2C324}.Debug|Any CPU.Build.0 = Debug|Any CPU
		{F1218F9B-8002-4DDB-87F0-348D79A2C324}.Release|Any CPU.ActiveCfg = Release|Any CPU
		{F1218F9B-8002-4DDB-87F0-348D79A2C324}.Release|Any CPU.Build.0 = Release|Any CPU
		{F1A204BE-9334-4FBB-9BA8-87BFBD80001C}.Debug|Any CPU.ActiveCfg = Debug|Any CPU
		{F1A204BE-9334-4FBB-9BA8-87BFBD80001C}.Debug|Any CPU.Build.0 = Debug|Any CPU
		{F1A204BE-9334-4FBB-9BA8-87BFBD80001C}.Release|Any CPU.ActiveCfg = Release|Any CPU
		{F1A204BE-9334-4FBB-9BA8-87BFBD80001C}.Release|Any CPU.Build.0 = Release|Any CPU
		{260842EB-B950-4B3C-9400-4D55608387B1}.Debug|Any CPU.ActiveCfg = Debug|Any CPU
		{260842EB-B950-4B3C-9400-4D55608387B1}.Debug|Any CPU.Build.0 = Debug|Any CPU
		{260842EB-B950-4B3C-9400-4D55608387B1}.Release|Any CPU.ActiveCfg = Release|Any CPU
		{260842EB-B950-4B3C-9400-4D55608387B1}.Release|Any CPU.Build.0 = Release|Any CPU
		{1CA7AA32-15D2-4E92-A31C-EADAA815E8C9}.Debug|Any CPU.ActiveCfg = Debug|Any CPU
		{1CA7AA32-15D2-4E92-A31C-EADAA815E8C9}.Debug|Any CPU.Build.0 = Debug|Any CPU
		{1CA7AA32-15D2-4E92-A31C-EADAA815E8C9}.Release|Any CPU.ActiveCfg = Release|Any CPU
		{1CA7AA32-15D2-4E92-A31C-EADAA815E8C9}.Release|Any CPU.Build.0 = Release|Any CPU
	EndGlobalSection
	GlobalSection(SolutionProperties) = preSolution
		HideSolutionNode = FALSE
	EndGlobalSection
	GlobalSection(ExtensibilityGlobals) = postSolution
		SolutionGuid = {1E112D86-3816-444D-8EA5-ED15BCBD277A}
	EndGlobalSection
EndGlobal
